{
  "originHash" : "af31a882adae082e82baafb2ee999c9dee439ee02013bbceb1e3fc8ff16febe3",
  "pins" : [
    {
      "identity" : "alloy",
      "kind" : "remoteSourceControl",
      "location" : "https://github.com/s1ddok/Alloy.git",
      "state" : {
        "revision" : "d0d3172e946bfabaf01883d4f84cb804c5d43fd6",
        "version" : "0.18.2"
      }
    }
  ],
  "version" : 3
}
